
Microsoft Visual Studio Solution File, Format Version 12.00
# Visual Studio Version 16
VisualStudioVersion = 16.0.31702.278
MinimumVisualStudioVersion = 10.0.40219.1
Project("{FAE04EC0-301F-11D3-BF4B-00C04F79EFBC}") = "EvolutionExample", "EvolutionExample\EvolutionExample.csproj", "{311EFEAB-0E26-4D36-A596-7F4984AB7EBA}"
EndProject
Global
	GlobalSection(SolutionConfigurationPlatforms) = preSolution
		Debug|Any CPU = Debug|Any CPU
		Release|Any CPU = Release|Any CPU
	EndGlobalSection
	GlobalSection(ProjectConfigurationPlatforms) = postSolution
		{311EFEAB-0E26-4D36-A596-7F4984AB7EBA}.Debug|Any CPU.ActiveCfg = Debug|Any CPU
		{311EFEAB-0E26-4D36-A596-7F4984AB7EBA}.Debug|Any CPU.Build.0 = Debug|Any CPU
		{311EFEAB-0E26-4D36-A596-7F4984AB7EBA}.Release|Any CPU.ActiveCfg = Release|Any CPU
		{311EFEAB-0E26-4D36-A596-7F4984AB7EBA}.Release|Any CPU.Build.0 = Release|Any CPU
	EndGlobalSection
	GlobalSection(SolutionProperties) = preSolution
		HideSolutionNode = FALSE
	EndGlobalSection
	GlobalSection(ExtensibilityGlobals) = postSolution
		SolutionGuid = {562D148C-9E3E-4E84-B26A-5EAA6DEAECC8}
	EndGlobalSection
EndGlobal
